
Microsoft Visual Studio Solution File, Format Version 12.00
Project("{FAE04EC0-301F-11D3-BF4B-00C04F79EFBC}") = "BinarySearch", "BinarySearch\BinarySearch.csproj", "{B7F249A5-4A2E-4289-931E-956E2C5DE5D9}"
EndProject
Project("{FAE04EC0-301F-11D3-BF4B-00C04F79EFBC}") = "BinarySearchTest", "BinarySearchTest\BinarySearchTest.csproj", "{D0C200A9-98EA-4C7F-9E51-D9BD6A4EFF34}"
EndProject
Global
	GlobalSection(SolutionConfigurationPlatforms) = preSolution
		Debug|Any CPU = Debug|Any CPU
		Release|Any CPU = Release|Any CPU
	EndGlobalSection
	GlobalSection(ProjectConfigurationPlatforms) = postSolution
		{B7F249A5-4A2E-4289-931E-956E2C5DE5D9}.Debug|Any CPU.ActiveCfg = Debug|Any CPU
		{B7F249A5-4A2E-4289-931E-956E2C5DE5D9}.Debug|Any CPU.Build.0 = Debug|Any CPU
		{B7F249A5-4A2E-4289-931E-956E2C5DE5D9}.Release|Any CPU.ActiveCfg = Release|Any CPU
		{B7F249A5-4A2E-4289-931E-956E2C5DE5D9}.Release|Any CPU.Build.0 = Release|Any CPU
		{D0C200A9-98EA-4C7F-9E51-D9BD6A4EFF34}.Debug|Any CPU.ActiveCfg = Debug|Any CPU
		{D0C200A9-98EA-4C7F-9E51-D9BD6A4EFF34}.Debug|Any CPU.Build.0 = Debug|Any CPU
		{D0C200A9-98EA-4C7F-9E51-D9BD6A4EFF34}.Release|Any CPU.ActiveCfg = Release|Any CPU
		{D0C200A9-98EA-4C7F-9E51-D9BD6A4EFF34}.Release|Any CPU.Build.0 = Release|Any CPU
	EndGlobalSection
EndGlobal
